// !$*UTF8*$!
{
	archiveVersion = 1;
	classes = {
	};
	objectVersion = 56;
	objects = {

/* Begin PBXBuildFile section */
		7432DE712908801400C96CFE /* RocketInfoView.swift in Sources */ = {isa = PBXBuildFile; fileRef = 7432DE702908801400C96CFE /* RocketInfoView.swift */; };
		7432DE7329096FBB00C96CFE /* RocketSizeCollectionViewCell.swift in Sources */ = {isa = PBXBuildFile; fileRef = 7432DE7229096FBB00C96CFE /* RocketSizeCollectionViewCell.swift */; };
		7432DE762909ADF700C96CFE /* RocketInfoTableViewCell.swift in Sources */ = {isa = PBXBuildFile; fileRef = 7432DE752909ADF700C96CFE /* RocketInfoTableViewCell.swift */; };
		746396D729047BEB0009A7B1 /* AppDelegate.swift in Sources */ = {isa = PBXBuildFile; fileRef = 746396D629047BEB0009A7B1 /* AppDelegate.swift */; };
		746396D929047BEB0009A7B1 /* SceneDelegate.swift in Sources */ = {isa = PBXBuildFile; fileRef = 746396D829047BEB0009A7B1 /* SceneDelegate.swift */; };
		746396DB29047BEB0009A7B1 /* RocketsViewController.swift in Sources */ = {isa = PBXBuildFile; fileRef = 746396DA29047BEB0009A7B1 /* RocketsViewController.swift */; };
		746396E029047BEB0009A7B1 /* Assets.xcassets in Resources */ = {isa = PBXBuildFile; fileRef = 746396DF29047BEB0009A7B1 /* Assets.xcassets */; };
		746396E329047BEB0009A7B1 /* LaunchScreen.storyboard in Resources */ = {isa = PBXBuildFile; fileRef = 746396E129047BEB0009A7B1 /* LaunchScreen.storyboard */; };
		74827518290F0A4F00857B53 /* LaunchesViewController.swift in Sources */ = {isa = PBXBuildFile; fileRef = 74827517290F0A4F00857B53 /* LaunchesViewController.swift */; };
		7482751B290F0E4F00857B53 /* LaunchesTableViewCell.swift in Sources */ = {isa = PBXBuildFile; fileRef = 7482751A290F0E4F00857B53 /* LaunchesTableViewCell.swift */; };
		7487B2D929086DF300066FEA /* UIViewController + Preview.swift in Sources */ = {isa = PBXBuildFile; fileRef = 7487B2D829086DF300066FEA /* UIViewController + Preview.swift */; };
		7487B2E02908714B00066FEA /* SnapKit in Frameworks */ = {isa = PBXBuildFile; productRef = 7487B2DF2908714B00066FEA /* SnapKit */; };
		74AD3CE0290AA48600785CF0 /* UIColor + Extension.swift in Sources */ = {isa = PBXBuildFile; fileRef = 74AD3CDF290AA48600785CF0 /* UIColor + Extension.swift */; };
		74AD3CE5290AAE0A00785CF0 /* Raleway-Bold.ttf in Resources */ = {isa = PBXBuildFile; fileRef = 74AD3CE2290AAE0A00785CF0 /* Raleway-Bold.ttf */; };
		74AD3CE6290AAE0A00785CF0 /* Raleway-SemiBold.ttf in Resources */ = {isa = PBXBuildFile; fileRef = 74AD3CE3290AAE0A00785CF0 /* Raleway-SemiBold.ttf */; };
		74AD3CE7290AAE0A00785CF0 /* Raleway-Regular.ttf in Resources */ = {isa = PBXBuildFile; fileRef = 74AD3CE4290AAE0A00785CF0 /* Raleway-Regular.ttf */; };
		74AD3CE9290AAE1C00785CF0 /* Raleway-Light.ttf in Resources */ = {isa = PBXBuildFile; fileRef = 74AD3CE8290AAE1C00785CF0 /* Raleway-Light.ttf */; };
		74AD3CEB290AAEBC00785CF0 /* UIFont + Extension.swift in Sources */ = {isa = PBXBuildFile; fileRef = 74AD3CEA290AAEBC00785CF0 /* UIFont + Extension.swift */; };
		74AD3CED290DB3A500785CF0 /* SettingsViewController.swift in Sources */ = {isa = PBXBuildFile; fileRef = 74AD3CEC290DB3A500785CF0 /* SettingsViewController.swift */; };
		74AD3CEF290DB58800785CF0 /* UILabel + Extensions.swift in Sources */ = {isa = PBXBuildFile; fileRef = 74AD3CEE290DB58800785CF0 /* UILabel + Extensions.swift */; };
		74AD3CF1290DB9A500785CF0 /* UISegmentedControl + Extension.swift in Sources */ = {isa = PBXBuildFile; fileRef = 74AD3CF0290DB9A500785CF0 /* UISegmentedControl + Extension.swift */; };
/* End PBXBuildFile section */

/* Begin PBXCopyFilesBuildPhase section */
		7487B2DE2908714600066FEA /* Embed Frameworks */ = {
			isa = PBXCopyFilesBuildPhase;
			buildActionMask = 2147483647;
			dstPath = "";
			dstSubfolderSpec = 10;
			files = (
			);
			name = "Embed Frameworks";
			runOnlyForDeploymentPostprocessing = 0;
		};
/* End PBXCopyFilesBuildPhase section */

/* Begin PBXFileReference section */
		7432DE702908801400C96CFE /* RocketInfoView.swift */ = {isa = PBXFileReference; lastKnownFileType = sourcecode.swift; path = RocketInfoView.swift; sourceTree = "<group>"; };
		7432DE7229096FBB00C96CFE /* RocketSizeCollectionViewCell.swift */ = {isa = PBXFileReference; lastKnownFileType = sourcecode.swift; path = RocketSizeCollectionViewCell.swift; sourceTree = "<group>"; };
		7432DE752909ADF700C96CFE /* RocketInfoTableViewCell.swift */ = {isa = PBXFileReference; lastKnownFileType = sourcecode.swift; path = RocketInfoTableViewCell.swift; sourceTree = "<group>"; };
		746396D329047BEB0009A7B1 /* SpaceX.app */ = {isa = PBXFileReference; explicitFileType = wrapper.application; includeInIndex = 0; path = SpaceX.app; sourceTree = BUILT_PRODUCTS_DIR; };
		746396D629047BEB0009A7B1 /* AppDelegate.swift */ = {isa = PBXFileReference; lastKnownFileType = sourcecode.swift; path = AppDelegate.swift; sourceTree = "<group>"; };
		746396D829047BEB0009A7B1 /* SceneDelegate.swift */ = {isa = PBXFileReference; lastKnownFileType = sourcecode.swift; path = SceneDelegate.swift; sourceTree = "<group>"; };
		746396DA29047BEB0009A7B1 /* RocketsViewController.swift */ = {isa = PBXFileReference; lastKnownFileType = sourcecode.swift; path = RocketsViewController.swift; sourceTree = "<group>"; };
		746396DF29047BEB0009A7B1 /* Assets.xcassets */ = {isa = PBXFileReference; lastKnownFileType = folder.assetcatalog; path = Assets.xcassets; sourceTree = "<group>"; };
		746396E229047BEB0009A7B1 /* Base */ = {isa = PBXFileReference; lastKnownFileType = file.storyboard; name = Base; path = Base.lproj/LaunchScreen.storyboard; sourceTree = "<group>"; };
		746396E429047BEB0009A7B1 /* Info.plist */ = {isa = PBXFileReference; lastKnownFileType = text.plist.xml; path = Info.plist; sourceTree = "<group>"; };
		74827517290F0A4F00857B53 /* LaunchesViewController.swift */ = {isa = PBXFileReference; lastKnownFileType = sourcecode.swift; path = LaunchesViewController.swift; sourceTree = "<group>"; };
		7482751A290F0E4F00857B53 /* LaunchesTableViewCell.swift */ = {isa = PBXFileReference; lastKnownFileType = sourcecode.swift; path = LaunchesTableViewCell.swift; sourceTree = "<group>"; };
		7487B2D829086DF300066FEA /* UIViewController + Preview.swift */ = {isa = PBXFileReference; fileEncoding = 4; lastKnownFileType = sourcecode.swift; path = "UIViewController + Preview.swift"; sourceTree = "<group>"; };
		74AD3CDF290AA48600785CF0 /* UIColor + Extension.swift */ = {isa = PBXFileReference; lastKnownFileType = sourcecode.swift; path = "UIColor + Extension.swift"; sourceTree = "<group>"; };
		74AD3CE2290AAE0A00785CF0 /* Raleway-Bold.ttf */ = {isa = PBXFileReference; lastKnownFileType = file; path = "Raleway-Bold.ttf"; sourceTree = "<group>"; };
		74AD3CE3290AAE0A00785CF0 /* Raleway-SemiBold.ttf */ = {isa = PBXFileReference; lastKnownFileType = file; path = "Raleway-SemiBold.ttf"; sourceTree = "<group>"; };
		74AD3CE4290AAE0A00785CF0 /* Raleway-Regular.ttf */ = {isa = PBXFileReference; lastKnownFileType = file; path = "Raleway-Regular.ttf"; sourceTree = "<group>"; };
		74AD3CE8290AAE1C00785CF0 /* Raleway-Light.ttf */ = {isa = PBXFileReference; lastKnownFileType = file; path = "Raleway-Light.ttf"; sourceTree = "<group>"; };
		74AD3CEA290AAEBC00785CF0 /* UIFont + Extension.swift */ = {isa = PBXFileReference; lastKnownFileType = sourcecode.swift; path = "UIFont + Extension.swift"; sourceTree = "<group>"; };
		74AD3CEC290DB3A500785CF0 /* SettingsViewController.swift */ = {isa = PBXFileReference; lastKnownFileType = sourcecode.swift; path = SettingsViewController.swift; sourceTree = "<group>"; };
		74AD3CEE290DB58800785CF0 /* UILabel + Extensions.swift */ = {isa = PBXFileReference; lastKnownFileType = sourcecode.swift; path = "UILabel + Extensions.swift"; sourceTree = "<group>"; };
		74AD3CF0290DB9A500785CF0 /* UISegmentedControl + Extension.swift */ = {isa = PBXFileReference; lastKnownFileType = sourcecode.swift; path = "UISegmentedControl + Extension.swift"; sourceTree = "<group>"; };
/* End PBXFileReference section */

/* Begin PBXFrameworksBuildPhase section */
		746396D029047BEA0009A7B1 /* Frameworks */ = {
			isa = PBXFrameworksBuildPhase;
			buildActionMask = 2147483647;
			files = (
				7487B2E02908714B00066FEA /* SnapKit in Frameworks */,
			);
			runOnlyForDeploymentPostprocessing = 0;
		};
/* End PBXFrameworksBuildPhase section */

/* Begin PBXGroup section */
		7432DE7429096FCA00C96CFE /* Cells */ = {
			isa = PBXGroup;
			children = (
				7432DE7229096FBB00C96CFE /* RocketSizeCollectionViewCell.swift */,
				7432DE752909ADF700C96CFE /* RocketInfoTableViewCell.swift */,
			);
			path = Cells;
			sourceTree = "<group>";
		};
		746396CA29047BEA0009A7B1 = {
			isa = PBXGroup;
			children = (
				746396D529047BEB0009A7B1 /* SpaceX */,
				746396D429047BEB0009A7B1 /* Products */,
				7487B2DA2908714500066FEA /* Frameworks */,
			);
			sourceTree = "<group>";
		};
		746396D429047BEB0009A7B1 /* Products */ = {
			isa = PBXGroup;
			children = (
				746396D329047BEB0009A7B1 /* SpaceX.app */,
			);
			name = Products;
			sourceTree = "<group>";
		};
		746396D529047BEB0009A7B1 /* SpaceX */ = {
			isa = PBXGroup;
			children = (
				7487B2BA2906CA7D00066FEA /* App */,
				7487B2BC2906CAA700066FEA /* Modules */,
				7487B2C92906CD0700066FEA /* Services */,
				7487B2CA2906CD1600066FEA /* Extensions */,
				7487B2BB2906CA8700066FEA /* Resources */,
			);
			path = SpaceX;
			sourceTree = "<group>";
		};
		74827519290F0E2D00857B53 /* Cells */ = {
			isa = PBXGroup;
			children = (
				7482751A290F0E4F00857B53 /* LaunchesTableViewCell.swift */,
			);
			path = Cells;
			sourceTree = "<group>";
		};
		7487B2BA2906CA7D00066FEA /* App */ = {
			isa = PBXGroup;
			children = (
				746396D629047BEB0009A7B1 /* AppDelegate.swift */,
				746396D829047BEB0009A7B1 /* SceneDelegate.swift */,
			);
			path = App;
			sourceTree = "<group>";
		};
		7487B2BB2906CA8700066FEA /* Resources */ = {
			isa = PBXGroup;
			children = (
				74AD3CE1290AADC300785CF0 /* Fonts */,
				746396E429047BEB0009A7B1 /* Info.plist */,
				746396DF29047BEB0009A7B1 /* Assets.xcassets */,
				746396E129047BEB0009A7B1 /* LaunchScreen.storyboard */,
			);
			path = Resources;
			sourceTree = "<group>";
		};
		7487B2BC2906CAA700066FEA /* Modules */ = {
			isa = PBXGroup;
			children = (
				7487B2BD2906CBD600066FEA /* RocketsModule */,
				7487B2BE2906CBF400066FEA /* LaunchesModule */,
				7487B2BF2906CBFE00066FEA /* SettingsModule */,
			);
			path = Modules;
			sourceTree = "<group>";
		};
		7487B2BD2906CBD600066FEA /* RocketsModule */ = {
			isa = PBXGroup;
			children = (
				7487B2C02906CC3400066FEA /* Model */,
				7487B2C12906CC3A00066FEA /* View */,
				7487B2C22906CC3F00066FEA /* ViewModel */,
			);
			path = RocketsModule;
			sourceTree = "<group>";
		};
		7487B2BE2906CBF400066FEA /* LaunchesModule */ = {
			isa = PBXGroup;
			children = (
				7487B2C52906CC6200066FEA /* Model */,
				7487B2C42906CC5D00066FEA /* View */,
				7487B2C32906CC5400066FEA /* ViewModel */,
			);
			path = LaunchesModule;
			sourceTree = "<group>";
		};
		7487B2BF2906CBFE00066FEA /* SettingsModule */ = {
			isa = PBXGroup;
			children = (
				7487B2C82906CC7200066FEA /* Model */,
				7487B2C72906CC6B00066FEA /* View */,
				7487B2C62906CC6700066FEA /* ViewModel */,
			);
			path = SettingsModule;
			sourceTree = "<group>";
		};
		7487B2C02906CC3400066FEA /* Model */ = {
			isa = PBXGroup;
			children = (
			);
			path = Model;
			sourceTree = "<group>";
		};
		7487B2C12906CC3A00066FEA /* View */ = {
			isa = PBXGroup;
			children = (
				746396DA29047BEB0009A7B1 /* RocketsViewController.swift */,
				7432DE702908801400C96CFE /* RocketInfoView.swift */,
				7432DE7429096FCA00C96CFE /* Cells */,
			);
			path = View;
			sourceTree = "<group>";
		};
		7487B2C22906CC3F00066FEA /* ViewModel */ = {
			isa = PBXGroup;
			children = (
			);
			path = ViewModel;
			sourceTree = "<group>";
		};
		7487B2C32906CC5400066FEA /* ViewModel */ = {
			isa = PBXGroup;
			children = (
			);
			path = ViewModel;
			sourceTree = "<group>";
		};
		7487B2C42906CC5D00066FEA /* View */ = {
			isa = PBXGroup;
			children = (
				74827517290F0A4F00857B53 /* LaunchesViewController.swift */,
				74827519290F0E2D00857B53 /* Cells */,
			);
			path = View;
			sourceTree = "<group>";
		};
		7487B2C52906CC6200066FEA /* Model */ = {
			isa = PBXGroup;
			children = (
			);
			path = Model;
			sourceTree = "<group>";
		};
		7487B2C62906CC6700066FEA /* ViewModel */ = {
			isa = PBXGroup;
			children = (
			);
			path = ViewModel;
			sourceTree = "<group>";
		};
		7487B2C72906CC6B00066FEA /* View */ = {
			isa = PBXGroup;
			children = (
				74AD3CEC290DB3A500785CF0 /* SettingsViewController.swift */,
			);
			path = View;
			sourceTree = "<group>";
		};
		7487B2C82906CC7200066FEA /* Model */ = {
			isa = PBXGroup;
			children = (
			);
			path = Model;
			sourceTree = "<group>";
		};
		7487B2C92906CD0700066FEA /* Services */ = {
			isa = PBXGroup;
			children = (
			);
			path = Services;
			sourceTree = "<group>";
		};
		7487B2CA2906CD1600066FEA /* Extensions */ = {
			isa = PBXGroup;
			children = (
				7487B2D829086DF300066FEA /* UIViewController + Preview.swift */,
				74AD3CDF290AA48600785CF0 /* UIColor + Extension.swift */,
				74AD3CEA290AAEBC00785CF0 /* UIFont + Extension.swift */,
				74AD3CEE290DB58800785CF0 /* UILabel + Extensions.swift */,
				74AD3CF0290DB9A500785CF0 /* UISegmentedControl + Extension.swift */,
			);
			path = Extensions;
			sourceTree = "<group>";
		};
		7487B2DA2908714500066FEA /* Frameworks */ = {
			isa = PBXGroup;
			children = (
			);
			name = Frameworks;
			sourceTree = "<group>";
		};
		74AD3CE1290AADC300785CF0 /* Fonts */ = {
			isa = PBXGroup;
			children = (
				74AD3CE8290AAE1C00785CF0 /* Raleway-Light.ttf */,
				74AD3CE2290AAE0A00785CF0 /* Raleway-Bold.ttf */,
				74AD3CE4290AAE0A00785CF0 /* Raleway-Regular.ttf */,
				74AD3CE3290AAE0A00785CF0 /* Raleway-SemiBold.ttf */,
			);
			path = Fonts;
			sourceTree = "<group>";
		};
/* End PBXGroup section */

/* Begin PBXNativeTarget section */
		746396D229047BEA0009A7B1 /* SpaceX */ = {
			isa = PBXNativeTarget;
			buildConfigurationList = 746396E729047BEB0009A7B1 /* Build configuration list for PBXNativeTarget "SpaceX" */;
			buildPhases = (
				746396CF29047BEA0009A7B1 /* Sources */,
				746396D029047BEA0009A7B1 /* Frameworks */,
				746396D129047BEA0009A7B1 /* Resources */,
				7487B2DE2908714600066FEA /* Embed Frameworks */,
			);
			buildRules = (
			);
			dependencies = (
			);
			name = SpaceX;
			packageProductDependencies = (
				7487B2DF2908714B00066FEA /* SnapKit */,
			);
			productName = SpaceX;
			productReference = 746396D329047BEB0009A7B1 /* SpaceX.app */;
			productType = "com.apple.product-type.application";
		};
/* End PBXNativeTarget section */

/* Begin PBXProject section */
		746396CB29047BEA0009A7B1 /* Project object */ = {
			isa = PBXProject;
			attributes = {
				BuildIndependentTargetsInParallel = 1;
				LastSwiftUpdateCheck = 1400;
				LastUpgradeCheck = 1400;
				TargetAttributes = {
					746396D229047BEA0009A7B1 = {
						CreatedOnToolsVersion = 14.0.1;
					};
				};
			};
			buildConfigurationList = 746396CE29047BEA0009A7B1 /* Build configuration list for PBXProject "SpaceX" */;
			compatibilityVersion = "Xcode 14.0";
			developmentRegion = en;
			hasScannedForEncodings = 0;
			knownRegions = (
				en,
				Base,
			);
			mainGroup = 746396CA29047BEA0009A7B1;
			packageReferences = (
				7487B2D52907072E00066FEA /* XCRemoteSwiftPackageReference "SnapKit" */,
			);
			productRefGroup = 746396D429047BEB0009A7B1 /* Products */;
			projectDirPath = "";
			projectRoot = "";
			targets = (
				746396D229047BEA0009A7B1 /* SpaceX */,
			);
		};
/* End PBXProject section */

/* Begin PBXResourcesBuildPhase section */
		746396D129047BEA0009A7B1 /* Resources */ = {
			isa = PBXResourcesBuildPhase;
			buildActionMask = 2147483647;
			files = (
				746396E329047BEB0009A7B1 /* LaunchScreen.storyboard in Resources */,
				74AD3CE7290AAE0A00785CF0 /* Raleway-Regular.ttf in Resources */,
				74AD3CE6290AAE0A00785CF0 /* Raleway-SemiBold.ttf in Resources */,
				74AD3CE9290AAE1C00785CF0 /* Raleway-Light.ttf in Resources */,
				74AD3CE5290AAE0A00785CF0 /* Raleway-Bold.ttf in Resources */,
				746396E029047BEB0009A7B1 /* Assets.xcassets in Resources */,
			);
			runOnlyForDeploymentPostprocessing = 0;
		};
/* End PBXResourcesBuildPhase section */

/* Begin PBXSourcesBuildPhase section */
		746396CF29047BEA0009A7B1 /* Sources */ = {
			isa = PBXSourcesBuildPhase;
			buildActionMask = 2147483647;
			files = (
				74AD3CEB290AAEBC00785CF0 /* UIFont + Extension.swift in Sources */,
				74AD3CEF290DB58800785CF0 /* UILabel + Extensions.swift in Sources */,
				7482751B290F0E4F00857B53 /* LaunchesTableViewCell.swift in Sources */,
				7432DE762909ADF700C96CFE /* RocketInfoTableViewCell.swift in Sources */,
				74AD3CE0290AA48600785CF0 /* UIColor + Extension.swift in Sources */,
				74AD3CED290DB3A500785CF0 /* SettingsViewController.swift in Sources */,
				746396DB29047BEB0009A7B1 /* RocketsViewController.swift in Sources */,
				74AD3CF1290DB9A500785CF0 /* UISegmentedControl + Extension.swift in Sources */,
				74827518290F0A4F00857B53 /* LaunchesViewController.swift in Sources */,
				7432DE7329096FBB00C96CFE /* RocketSizeCollectionViewCell.swift in Sources */,
				746396D729047BEB0009A7B1 /* AppDelegate.swift in Sources */,
				7432DE712908801400C96CFE /* RocketInfoView.swift in Sources */,
				7487B2D929086DF300066FEA /* UIViewController + Preview.swift in Sources */,
				746396D929047BEB0009A7B1 /* SceneDelegate.swift in Sources */,
			);
			runOnlyForDeploymentPostprocessing = 0;
		};
/* End PBXSourcesBuildPhase section */

/* Begin PBXVariantGroup section */
		746396E129047BEB0009A7B1 /* LaunchScreen.storyboard */ = {
			isa = PBXVariantGroup;
			children = (
				746396E229047BEB0009A7B1 /* Base */,
			);
			name = LaunchScreen.storyboard;
			sourceTree = "<group>";
		};
/* End PBXVariantGroup section */

/* Begin XCBuildConfiguration section */
		746396E529047BEB0009A7B1 /* Debug */ = {
			isa = XCBuildConfiguration;
			buildSettings = {
				ALWAYS_SEARCH_USER_PATHS = NO;
				CLANG_ANALYZER_NONNULL = YES;
				CLANG_ANALYZER_NUMBER_OBJECT_CONVERSION = YES_AGGRESSIVE;
				CLANG_CXX_LANGUAGE_STANDARD = "gnu++20";
				CLANG_ENABLE_MODULES = YES;
				CLANG_ENABLE_OBJC_ARC = YES;
				CLANG_ENABLE_OBJC_WEAK = YES;
				CLANG_WARN_BLOCK_CAPTURE_AUTORELEASING = YES;
				CLANG_WARN_BOOL_CONVERSION = YES;
				CLANG_WARN_COMMA = YES;
				CLANG_WARN_CONSTANT_CONVERSION = YES;
				CLANG_WARN_DEPRECATED_OBJC_IMPLEMENTATIONS = YES;
				CLANG_WARN_DIRECT_OBJC_ISA_USAGE = YES_ERROR;
				CLANG_WARN_DOCUMENTATION_COMMENTS = YES;
				CLANG_WARN_EMPTY_BODY = YES;
				CLANG_WARN_ENUM_CONVERSION = YES;
				CLANG_WARN_INFINITE_RECURSION = YES;
				CLANG_WARN_INT_CONVERSION = YES;
				CLANG_WARN_NON_LITERAL_NULL_CONVERSION = YES;
				CLANG_WARN_OBJC_IMPLICIT_RETAIN_SELF = YES;
				CLANG_WARN_OBJC_LITERAL_CONVERSION = YES;
				CLANG_WARN_OBJC_ROOT_CLASS = YES_ERROR;
				CLANG_WARN_QUOTED_INCLUDE_IN_FRAMEWORK_HEADER = YES;
				CLANG_WARN_RANGE_LOOP_ANALYSIS = YES;
				CLANG_WARN_STRICT_PROTOTYPES = YES;
				CLANG_WARN_SUSPICIOUS_MOVE = YES;
				CLANG_WARN_UNGUARDED_AVAILABILITY = YES_AGGRESSIVE;
				CLANG_WARN_UNREACHABLE_CODE = YES;
				CLANG_WARN__DUPLICATE_METHOD_MATCH = YES;
				COPY_PHASE_STRIP = NO;
				DEBUG_INFORMATION_FORMAT = dwarf;
				ENABLE_STRICT_OBJC_MSGSEND = YES;
				ENABLE_TESTABILITY = YES;
				GCC_C_LANGUAGE_STANDARD = gnu11;
				GCC_DYNAMIC_NO_PIC = NO;
				GCC_NO_COMMON_BLOCKS = YES;
				GCC_OPTIMIZATION_LEVEL = 0;
				GCC_PREPROCESSOR_DEFINITIONS = (
					"DEBUG=1",
					"$(inherited)",
				);
				GCC_WARN_64_TO_32_BIT_CONVERSION = YES;
				GCC_WARN_ABOUT_RETURN_TYPE = YES_ERROR;
				GCC_WARN_UNDECLARED_SELECTOR = YES;
				GCC_WARN_UNINITIALIZED_AUTOS = YES_AGGRESSIVE;
				GCC_WARN_UNUSED_FUNCTION = YES;
				GCC_WARN_UNUSED_VARIABLE = YES;
				IPHONEOS_DEPLOYMENT_TARGET = 16.0;
				MTL_ENABLE_DEBUG_INFO = INCLUDE_SOURCE;
				MTL_FAST_MATH = YES;
				ONLY_ACTIVE_ARCH = YES;
				SDKROOT = iphoneos;
				SWIFT_ACTIVE_COMPILATION_CONDITIONS = DEBUG;
				SWIFT_OPTIMIZATION_LEVEL = "-Onone";
			};
			name = Debug;
		};
		746396E629047BEB0009A7B1 /* Release */ = {
			isa = XCBuildConfiguration;
			buildSettings = {
				ALWAYS_SEARCH_USER_PATHS = NO;
				CLANG_ANALYZER_NONNULL = YES;
				CLANG_ANALYZER_NUMBER_OBJECT_CONVERSION = YES_AGGRESSIVE;
				CLANG_CXX_LANGUAGE_STANDARD = "gnu++20";
				CLANG_ENABLE_MODULES = YES;
				CLANG_ENABLE_OBJC_ARC = YES;
				CLANG_ENABLE_OBJC_WEAK = YES;
				CLANG_WARN_BLOCK_CAPTURE_AUTORELEASING = YES;
				CLANG_WARN_BOOL_CONVERSION = YES;
				CLANG_WARN_COMMA = YES;
				CLANG_WARN_CONSTANT_CONVERSION = YES;
				CLANG_WARN_DEPRECATED_OBJC_IMPLEMENTATIONS = YES;
				CLANG_WARN_DIRECT_OBJC_ISA_USAGE = YES_ERROR;
				CLANG_WARN_DOCUMENTATION_COMMENTS = YES;
				CLANG_WARN_EMPTY_BODY = YES;
				CLANG_WARN_ENUM_CONVERSION = YES;
				CLANG_WARN_INFINITE_RECURSION = YES;
				CLANG_WARN_INT_CONVERSION = YES;
				CLANG_WARN_NON_LITERAL_NULL_CONVERSION = YES;
				CLANG_WARN_OBJC_IMPLICIT_RETAIN_SELF = YES;
				CLANG_WARN_OBJC_LITERAL_CONVERSION = YES;
				CLANG_WARN_OBJC_ROOT_CLASS = YES_ERROR;
				CLANG_WARN_QUOTED_INCLUDE_IN_FRAMEWORK_HEADER = YES;
				CLANG_WARN_RANGE_LOOP_ANALYSIS = YES;
				CLANG_WARN_STRICT_PROTOTYPES = YES;
				CLANG_WARN_SUSPICIOUS_MOVE = YES;
				CLANG_WARN_UNGUARDED_AVAILABILITY = YES_AGGRESSIVE;
				CLANG_WARN_UNREACHABLE_CODE = YES;
				CLANG_WARN__DUPLICATE_METHOD_MATCH = YES;
				COPY_PHASE_STRIP = NO;
				DEBUG_INFORMATION_FORMAT = "dwarf-with-dsym";
				ENABLE_NS_ASSERTIONS = NO;
				ENABLE_STRICT_OBJC_MSGSEND = YES;
				GCC_C_LANGUAGE_STANDARD = gnu11;
				GCC_NO_COMMON_BLOCKS = YES;
				GCC_WARN_64_TO_32_BIT_CONVERSION = YES;
				GCC_WARN_ABOUT_RETURN_TYPE = YES_ERROR;
				GCC_WARN_UNDECLARED_SELECTOR = YES;
				GCC_WARN_UNINITIALIZED_AUTOS = YES_AGGRESSIVE;
				GCC_WARN_UNUSED_FUNCTION = YES;
				GCC_WARN_UNUSED_VARIABLE = YES;
				IPHONEOS_DEPLOYMENT_TARGET = 16.0;
				MTL_ENABLE_DEBUG_INFO = NO;
				MTL_FAST_MATH = YES;
				ONLY_ACTIVE_ARCH = NO;
				SDKROOT = iphoneos;
				SWIFT_COMPILATION_MODE = wholemodule;
				SWIFT_OPTIMIZATION_LEVEL = "-O";
				VALIDATE_PRODUCT = YES;
			};
			name = Release;
		};
		746396E829047BEB0009A7B1 /* Debug */ = {
			isa = XCBuildConfiguration;
			buildSettings = {
				ARCHS = "$(ARCHS_STANDARD)";
				ASSETCATALOG_COMPILER_APPICON_NAME = AppIcon;
				ASSETCATALOG_COMPILER_GLOBAL_ACCENT_COLOR_NAME = AccentColor;
				CODE_SIGN_IDENTITY = "Apple Development";
				CODE_SIGN_STYLE = Automatic;
				CURRENT_PROJECT_VERSION = 1;
				DEVELOPMENT_TEAM = "";
				GENERATE_INFOPLIST_FILE = YES;
				INFOPLIST_FILE = SpaceX/Resources/Info.plist;
				INFOPLIST_KEY_UIApplicationSupportsIndirectInputEvents = YES;
				INFOPLIST_KEY_UILaunchStoryboardName = LaunchScreen;
				INFOPLIST_KEY_UISupportedInterfaceOrientations = UIInterfaceOrientationPortrait;
				IPHONEOS_DEPLOYMENT_TARGET = 13.0;
				LD_RUNPATH_SEARCH_PATHS = (
					"$(inherited)",
					"@executable_path/Frameworks",
				);
				MARKETING_VERSION = 1.0;
				ONLY_ACTIVE_ARCH = YES;
				PRODUCT_BUNDLE_IDENTIFIER = MikhailKosarev.SpaceX;
				PRODUCT_NAME = "$(TARGET_NAME)";
				PROVISIONING_PROFILE_SPECIFIER = "";
				SUPPORTED_PLATFORMS = "iphoneos iphonesimulator";
				SUPPORTS_MACCATALYST = NO;
				SUPPORTS_MAC_DESIGNED_FOR_IPHONE_IPAD = NO;
				SWIFT_EMIT_LOC_STRINGS = YES;
				SWIFT_VERSION = 5.0;
				TARGETED_DEVICE_FAMILY = "1,2";
			};
			name = Debug;
		};
		746396E929047BEB0009A7B1 /* Release */ = {
			isa = XCBuildConfiguration;
			buildSettings = {
				ARCHS = "$(ARCHS_STANDARD)";
				ASSETCATALOG_COMPILER_APPICON_NAME = AppIcon;
				ASSETCATALOG_COMPILER_GLOBAL_ACCENT_COLOR_NAME = AccentColor;
				CODE_SIGN_IDENTITY = "Apple Development";
				CODE_SIGN_STYLE = Automatic;
				CURRENT_PROJECT_VERSION = 1;
				DEVELOPMENT_TEAM = "";
				GENERATE_INFOPLIST_FILE = YES;
				INFOPLIST_FILE = SpaceX/Resources/Info.plist;
				INFOPLIST_KEY_UIApplicationSupportsIndirectInputEvents = YES;
				INFOPLIST_KEY_UILaunchStoryboardName = LaunchScreen;
				INFOPLIST_KEY_UISupportedInterfaceOrientations = UIInterfaceOrientationPortrait;
				IPHONEOS_DEPLOYMENT_TARGET = 13.0;
				LD_RUNPATH_SEARCH_PATHS = (
					"$(inherited)",
					"@executable_path/Frameworks",
				);
				MARKETING_VERSION = 1.0;
				ONLY_ACTIVE_ARCH = NO;
				PRODUCT_BUNDLE_IDENTIFIER = MikhailKosarev.SpaceX;
				PRODUCT_NAME = "$(TARGET_NAME)";
				PROVISIONING_PROFILE_SPECIFIER = "";
				SUPPORTED_PLATFORMS = "iphoneos iphonesimulator";
				SUPPORTS_MACCATALYST = NO;
				SUPPORTS_MAC_DESIGNED_FOR_IPHONE_IPAD = NO;
				SWIFT_EMIT_LOC_STRINGS = YES;
				SWIFT_VERSION = 5.0;
				TARGETED_DEVICE_FAMILY = "1,2";
			};
			name = Release;
		};
/* End XCBuildConfiguration section */

/* Begin XCConfigurationList section */
		746396CE29047BEA0009A7B1 /* Build configuration list for PBXProject "SpaceX" */ = {
			isa = XCConfigurationList;
			buildConfigurations = (
				746396E529047BEB0009A7B1 /* Debug */,
				746396E629047BEB0009A7B1 /* Release */,
			);
			defaultConfigurationIsVisible = 0;
			defaultConfigurationName = Release;
		};
		746396E729047BEB0009A7B1 /* Build configuration list for PBXNativeTarget "SpaceX" */ = {
			isa = XCConfigurationList;
			buildConfigurations = (
				746396E829047BEB0009A7B1 /* Debug */,
				746396E929047BEB0009A7B1 /* Release */,
			);
			defaultConfigurationIsVisible = 0;
			defaultConfigurationName = Release;
		};
/* End XCConfigurationList section */

/* Begin XCRemoteSwiftPackageReference section */
		7487B2D52907072E00066FEA /* XCRemoteSwiftPackageReference "SnapKit" */ = {
			isa = XCRemoteSwiftPackageReference;
			repositoryURL = "https://github.com/SnapKit/SnapKit.git";
			requirement = {
				kind = upToNextMajorVersion;
				minimumVersion = 5.0.0;
			};
		};
/* End XCRemoteSwiftPackageReference section */

/* Begin XCSwiftPackageProductDependency section */
		7487B2DF2908714B00066FEA /* SnapKit */ = {
			isa = XCSwiftPackageProductDependency;
			package = 7487B2D52907072E00066FEA /* XCRemoteSwiftPackageReference "SnapKit" */;
			productName = SnapKit;
		};
/* End XCSwiftPackageProductDependency section */
	};
	rootObject = 746396CB29047BEA0009A7B1 /* Project object */;
}
